
Microsoft Visual Studio Solution File, Format Version 12.00
# Visual Studio 15
VisualStudioVersion = 15.0.27703.2047
MinimumVisualStudioVersion = 10.0.40219.1
Project("{FAE04EC0-301F-11D3-BF4B-00C04F79EFBC}") = "TwoFactorApp", "TwoFactorApp\TwoFactorApp\TwoFactorApp.csproj", "{FEB9B794-59F3-40FA-B2DD-27EB41ADCB93}"
EndProject
Project("{FAE04EC0-301F-11D3-BF4B-00C04F79EFBC}") = "TwoFactorApp.Android", "TwoFactorApp\TwoFactorApp.Android\TwoFactorApp.Android.csproj", "{50442DA6-1B27-477F-84BF-A64A5A0C9819}"
EndProject
Project("{FAE04EC0-301F-11D3-BF4B-00C04F79EFBC}") = "TwoFactorApp.iOS", "TwoFactorApp\TwoFactorApp.iOS\TwoFactorApp.iOS.csproj", "{CD11BB5A-9E22-46AD-9234-5188F4B15912}"
EndProject
Project("{FAE04EC0-301F-11D3-BF4B-00C04F79EFBC}") = "TwoFactorApp.UWP", "TwoFactorApp\TwoFactorApp.UWP\TwoFactorApp.UWP.csproj", "{C25FF540-EA17-445C-A59B-6DBF59B4437C}"
EndProject
Global
	GlobalSection(SolutionConfigurationPlatforms) = preSolution
		Ad-Hoc|Any CPU = Ad-Hoc|Any CPU
		Ad-Hoc|ARM = Ad-Hoc|ARM
		Ad-Hoc|iPhone = Ad-Hoc|iPhone
		Ad-Hoc|iPhoneSimulator = Ad-Hoc|iPhoneSimulator
		Ad-Hoc|x64 = Ad-Hoc|x64
		Ad-Hoc|x86 = Ad-Hoc|x86
		AppStore|Any CPU = AppStore|Any CPU
		AppStore|ARM = AppStore|ARM
		AppStore|iPhone = AppStore|iPhone
		AppStore|iPhoneSimulator = AppStore|iPhoneSimulator
		AppStore|x64 = AppStore|x64
		AppStore|x86 = AppStore|x86
		Debug|Any CPU = Debug|Any CPU
		Debug|ARM = Debug|ARM
		Debug|iPhone = Debug|iPhone
		Debug|iPhoneSimulator = Debug|iPhoneSimulator
		Debug|x64 = Debug|x64
		Debug|x86 = Debug|x86
		Release|Any CPU = Release|Any CPU
		Release|ARM = Release|ARM
		Release|iPhone = Release|iPhone
		Release|iPhoneSimulator = Release|iPhoneSimulator
		Release|x64 = Release|x64
		Release|x86 = Release|x86
	EndGlobalSection
	GlobalSection(ProjectConfigurationPlatforms) = postSolution
		{FEB9B794-59F3-40FA-B2DD-27EB41ADCB93}.Ad-Hoc|Any CPU.ActiveCfg = Debug|Any CPU
		{FEB9B794-59F3-40FA-B2DD-27EB41ADCB93}.Ad-Hoc|Any CPU.Build.0 = Debug|Any CPU
		{FEB9B794-59F3-40FA-B2DD-27EB41ADCB93}.Ad-Hoc|ARM.ActiveCfg = Debug|Any CPU
		{FEB9B794-59F3-40FA-B2DD-27EB41ADCB93}.Ad-Hoc|ARM.Build.0 = Debug|Any CPU
		{FEB9B794-59F3-40FA-B2DD-27EB41ADCB93}.Ad-Hoc|iPhone.ActiveCfg = Debug|Any CPU
		{FEB9B794-59F3-40FA-B2DD-27EB41ADCB93}.Ad-Hoc|iPhone.Build.0 = Debug|Any CPU
		{FEB9B794-59F3-40FA-B2DD-27EB41ADCB93}.Ad-Hoc|iPhoneSimulator.ActiveCfg = Debug|Any CPU
		{FEB9B794-59F3-40FA-B2DD-27EB41ADCB93}.Ad-Hoc|iPhoneSimulator.Build.0 = Debug|Any CPU
		{FEB9B794-59F3-40FA-B2DD-27EB41ADCB93}.Ad-Hoc|x64.ActiveCfg = Debug|Any CPU
		{FEB9B794-59F3-40FA-B2DD-27EB41ADCB93}.Ad-Hoc|x64.Build.0 = Debug|Any CPU
		{FEB9B794-59F3-40FA-B2DD-27EB41ADCB93}.Ad-Hoc|x86.ActiveCfg = Debug|Any CPU
		{FEB9B794-59F3-40FA-B2DD-27EB41ADCB93}.Ad-Hoc|x86.Build.0 = Debug|Any CPU
		{FEB9B794-59F3-40FA-B2DD-27EB41ADCB93}.AppStore|Any CPU.ActiveCfg = Debug|Any CPU
		{FEB9B794-59F3-40FA-B2DD-27EB41ADCB93}.AppStore|Any CPU.Build.0 = Debug|Any CPU
		{FEB9B794-59F3-40FA-B2DD-27EB41ADCB93}.AppStore|ARM.ActiveCfg = Debug|Any CPU
		{FEB9B794-59F3-40FA-B2DD-27EB41ADCB93}.AppStore|ARM.Build.0 = Debug|Any CPU
		{FEB9B794-59F3-40FA-B2DD-27EB41ADCB93}.AppStore|iPhone.ActiveCfg = Debug|Any CPU
		{FEB9B794-59F3-40FA-B2DD-27EB41ADCB93}.AppStore|iPhone.Build.0 = Debug|Any CPU
		{FEB9B794-59F3-40FA-B2DD-27EB41ADCB93}.AppStore|iPhoneSimulator.ActiveCfg = Debug|Any CPU
		{FEB9B794-59F3-40FA-B2DD-27EB41ADCB93}.AppStore|iPhoneSimulator.Build.0 = Debug|Any CPU
		{FEB9B794-59F3-40FA-B2DD-27EB41ADCB93}.AppStore|x64.ActiveCfg = Debug|Any CPU
		{FEB9B794-59F3-40FA-B2DD-27EB41ADCB93}.AppStore|x64.Build.0 = Debug|Any CPU
		{FEB9B794-59F3-40FA-B2DD-27EB41ADCB93}.AppStore|x86.ActiveCfg = Debug|Any CPU
		{FEB9B794-59F3-40FA-B2DD-27EB41ADCB93}.AppStore|x86.Build.0 = Debug|Any CPU
		{FEB9B794-59F3-40FA-B2DD-27EB41ADCB93}.Debug|Any CPU.ActiveCfg = Debug|Any CPU
		{FEB9B794-59F3-40FA-B2DD-27EB41ADCB93}.Debug|Any CPU.Build.0 = Debug|Any CPU
		{FEB9B794-59F3-40FA-B2DD-27EB41ADCB93}.Debug|ARM.ActiveCfg = Debug|Any CPU
		{FEB9B794-59F3-40FA-B2DD-27EB41ADCB93}.Debug|ARM.Build.0 = Debug|Any CPU
		{FEB9B794-59F3-40FA-B2DD-27EB41ADCB93}.Debug|iPhone.ActiveCfg = Debug|Any CPU
		{FEB9B794-59F3-40FA-B2DD-27EB41ADCB93}.Debug|iPhone.Build.0 = Debug|Any CPU
		{FEB9B794-59F3-40FA-B2DD-27EB41ADCB93}.Debug|iPhoneSimulator.ActiveCfg = Debug|Any CPU
		{FEB9B794-59F3-40FA-B2DD-27EB41ADCB93}.Debug|iPhoneSimulator.Build.0 = Debug|Any CPU
		{FEB9B794-59F3-40FA-B2DD-27EB41ADCB93}.Debug|x64.ActiveCfg = Debug|Any CPU
		{FEB9B794-59F3-40FA-B2DD-27EB41ADCB93}.Debug|x64.Build.0 = Debug|Any CPU
		{FEB9B794-59F3-40FA-B2DD-27EB41ADCB93}.Debug|x86.ActiveCfg = Debug|Any CPU
		{FEB9B794-59F3-40FA-B2DD-27EB41ADCB93}.Debug|x86.Build.0 = Debug|Any CPU
		{FEB9B794-59F3-40FA-B2DD-27EB41ADCB93}.Release|Any CPU.ActiveCfg = Release|Any CPU
		{FEB9B794-59F3-40FA-B2DD-27EB41ADCB93}.Release|Any CPU.Build.0 = Release|Any CPU
		{FEB9B794-59F3-40FA-B2DD-27EB41ADCB93}.Release|ARM.ActiveCfg = Release|Any CPU
		{FEB9B794-59F3-40FA-B2DD-27EB41ADCB93}.Release|ARM.Build.0 = Release|Any CPU
		{FEB9B794-59F3-40FA-B2DD-27EB41ADCB93}.Release|iPhone.ActiveCfg = Release|Any CPU
		{FEB9B794-59F3-40FA-B2DD-27EB41ADCB93}.Release|iPhone.Build.0 = Release|Any CPU
		{FEB9B794-59F3-40FA-B2DD-27EB41ADCB93}.Release|iPhoneSimulator.ActiveCfg = Release|Any CPU
		{FEB9B794-59F3-40FA-B2DD-27EB41ADCB93}.Release|iPhoneSimulator.Build.0 = Release|Any CPU
		{FEB9B794-59F3-40FA-B2DD-27EB41ADCB93}.Release|x64.ActiveCfg = Release|Any CPU
		{FEB9B794-59F3-40FA-B2DD-27EB41ADCB93}.Release|x64.Build.0 = Release|Any CPU
		{FEB9B794-59F3-40FA-B2DD-27EB41ADCB93}.Release|x86.ActiveCfg = Release|Any CPU
		{FEB9B794-59F3-40FA-B2DD-27EB41ADCB93}.Release|x86.Build.0 = Release|Any CPU
		{50442DA6-1B27-477F-84BF-A64A5A0C9819}.Ad-Hoc|Any CPU.ActiveCfg = Release|Any CPU
		{50442DA6-1B27-477F-84BF-A64A5A0C9819}.Ad-Hoc|Any CPU.Build.0 = Release|Any CPU
		{50442DA6-1B27-477F-84BF-A64A5A0C9819}.Ad-Hoc|Any CPU.Deploy.0 = Release|Any CPU
		{50442DA6-1B27-477F-84BF-A64A5A0C9819}.Ad-Hoc|ARM.ActiveCfg = Release|Any CPU
		{50442DA6-1B27-477F-84BF-A64A5A0C9819}.Ad-Hoc|ARM.Build.0 = Release|Any CPU
		{50442DA6-1B27-477F-84BF-A64A5A0C9819}.Ad-Hoc|ARM.Deploy.0 = Release|Any CPU
		{50442DA6-1B27-477F-84BF-A64A5A0C9819}.Ad-Hoc|iPhone.ActiveCfg = Release|Any CPU
		{50442DA6-1B27-477F-84BF-A64A5A0C9819}.Ad-Hoc|iPhone.Build.0 = Release|Any CPU
		{50442DA6-1B27-477F-84BF-A64A5A0C9819}.Ad-Hoc|iPhone.Deploy.0 = Release|Any CPU
		{50442DA6-1B27-477F-84BF-A64A5A0C9819}.Ad-Hoc|iPhoneSimulator.ActiveCfg = Release|Any CPU
		{50442DA6-1B27-477F-84BF-A64A5A0C9819}.Ad-Hoc|iPhoneSimulator.Build.0 = Release|Any CPU
		{50442DA6-1B27-477F-84BF-A64A5A0C9819}.Ad-Hoc|iPhoneSimulator.Deploy.0 = Release|Any CPU
		{50442DA6-1B27-477F-84BF-A64A5A0C9819}.Ad-Hoc|x64.ActiveCfg = Release|Any CPU
		{50442DA6-1B27-477F-84BF-A64A5A0C9819}.Ad-Hoc|x64.Build.0 = Release|Any CPU
		{50442DA6-1B27-477F-84BF-A64A5A0C9819}.Ad-Hoc|x64.Deploy.0 = Release|Any CPU
		{50442DA6-1B27-477F-84BF-A64A5A0C9819}.Ad-Hoc|x86.ActiveCfg = Release|Any CPU
		{50442DA6-1B27-477F-84BF-A64A5A0C9819}.Ad-Hoc|x86.Build.0 = Release|Any CPU
		{50442DA6-1B27-477F-84BF-A64A5A0C9819}.Ad-Hoc|x86.Deploy.0 = Release|Any CPU
		{50442DA6-1B27-477F-84BF-A64A5A0C9819}.AppStore|Any CPU.ActiveCfg = Release|Any CPU
		{50442DA6-1B27-477F-84BF-A64A5A0C9819}.AppStore|Any CPU.Build.0 = Release|Any CPU
		{50442DA6-1B27-477F-84BF-A64A5A0C9819}.AppStore|Any CPU.Deploy.0 = Release|Any CPU
		{50442DA6-1B27-477F-84BF-A64A5A0C9819}.AppStore|ARM.ActiveCfg = Release|Any CPU
		{50442DA6-1B27-477F-84BF-A64A5A0C9819}.AppStore|ARM.Build.0 = Release|Any CPU
		{50442DA6-1B27-477F-84BF-A64A5A0C9819}.AppStore|ARM.Deploy.0 = Release|Any CPU
		{50442DA6-1B27-477F-84BF-A64A5A0C9819}.AppStore|iPhone.ActiveCfg = Release|Any CPU
		{50442DA6-1B27-477F-84BF-A64A5A0C9819}.AppStore|iPhone.Build.0 = Release|Any CPU
		{50442DA6-1B27-477F-84BF-A64A5A0C9819}.AppStore|iPhone.Deploy.0 = Release|Any CPU
		{50442DA6-1B27-477F-84BF-A64A5A0C9819}.AppStore|iPhoneSimulator.ActiveCfg = Release|Any CPU
		{50442DA6-1B27-477F-84BF-A64A5A0C9819}.AppStore|iPhoneSimulator.Build.0 = Release|Any CPU
		{50442DA6-1B27-477F-84BF-A64A5A0C9819}.AppStore|iPhoneSimulator.Deploy.0 = Release|Any CPU
		{50442DA6-1B27-477F-84BF-A64A5A0C9819}.AppStore|x64.ActiveCfg = Release|Any CPU
		{50442DA6-1B27-477F-84BF-A64A5A0C9819}.AppStore|x64.Build.0 = Release|Any CPU
		{50442DA6-1B27-477F-84BF-A64A5A0C9819}.AppStore|x64.Deploy.0 = Release|Any CPU
		{50442DA6-1B27-477F-84BF-A64A5A0C9819}.AppStore|x86.ActiveCfg = Release|Any CPU
		{50442DA6-1B27-477F-84BF-A64A5A0C9819}.AppStore|x86.Build.0 = Release|Any CPU
		{50442DA6-1B27-477F-84BF-A64A5A0C9819}.AppStore|x86.Deploy.0 = Release|Any CPU
		{50442DA6-1B27-477F-84BF-A64A5A0C9819}.Debug|Any CPU.ActiveCfg = Debug|Any CPU
		{50442DA6-1B27-477F-84BF-A64A5A0C9819}.Debug|Any CPU.Build.0 = Debug|Any CPU
		{50442DA6-1B27-477F-84BF-A64A5A0C9819}.Debug|Any CPU.Deploy.0 = Debug|Any CPU
		{50442DA6-1B27-477F-84BF-A64A5A0C9819}.Debug|ARM.ActiveCfg = Debug|Any CPU
		{50442DA6-1B27-477F-84BF-A64A5A0C9819}.Debug|ARM.Build.0 = Debug|Any CPU
		{50442DA6-1B27-477F-84BF-A64A5A0C9819}.Debug|ARM.Deploy.0 = Debug|Any CPU
		{50442DA6-1B27-477F-84BF-A64A5A0C9819}.Debug|iPhone.ActiveCfg = Debug|Any CPU
		{50442DA6-1B27-477F-84BF-A64A5A0C9819}.Debug|iPhone.Build.0 = Debug|Any CPU
		{50442DA6-1B27-477F-84BF-A64A5A0C9819}.Debug|iPhone.Deploy.0 = Debug|Any CPU
		{50442DA6-1B27-477F-84BF-A64A5A0C9819}.Debug|iPhoneSimulator.ActiveCfg = Debug|Any CPU
		{50442DA6-1B27-477F-84BF-A64A5A0C9819}.Debug|iPhoneSimulator.Build.0 = Debug|Any CPU
		{50442DA6-1B27-477F-84BF-A64A5A0C9819}.Debug|iPhoneSimulator.Deploy.0 = Debug|Any CPU
		{50442DA6-1B27-477F-84BF-A64A5A0C9819}.Debug|x64.ActiveCfg = Debug|Any CPU
		{50442DA6-1B27-477F-84BF-A64A5A0C9819}.Debug|x64.Build.0 = Debug|Any CPU
		{50442DA6-1B27-477F-84BF-A64A5A0C9819}.Debug|x64.Deploy.0 = Debug|Any CPU
		{50442DA6-1B27-477F-84BF-A64A5A0C9819}.Debug|x86.ActiveCfg = Debug|Any CPU
		{50442DA6-1B27-477F-84BF-A64A5A0C9819}.Debug|x86.Build.0 = Debug|Any CPU
		{50442DA6-1B27-477F-84BF-A64A5A0C9819}.Debug|x86.Deploy.0 = Debug|Any CPU
		{50442DA6-1B27-477F-84BF-A64A5A0C9819}.Release|Any CPU.ActiveCfg = Release|Any CPU
		{50442DA6-1B27-477F-84BF-A64A5A0C9819}.Release|Any CPU.Build.0 = Release|Any CPU
		{50442DA6-1B27-477F-84BF-A64A5A0C9819}.Release|Any CPU.Deploy.0 = Release|Any CPU
		{50442DA6-1B27-477F-84BF-A64A5A0C9819}.Release|ARM.ActiveCfg = Release|Any CPU
		{50442DA6-1B27-477F-84BF-A64A5A0C9819}.Release|ARM.Build.0 = Release|Any CPU
		{50442DA6-1B27-477F-84BF-A64A5A0C9819}.Release|ARM.Deploy.0 = Release|Any CPU
		{50442DA6-1B27-477F-84BF-A64A5A0C9819}.Release|iPhone.ActiveCfg = Release|Any CPU
		{50442DA6-1B27-477F-84BF-A64A5A0C9819}.Release|iPhone.Build.0 = Release|Any CPU
		{50442DA6-1B27-477F-84BF-A64A5A0C9819}.Release|iPhone.Deploy.0 = Release|Any CPU
		{50442DA6-1B27-477F-84BF-A64A5A0C9819}.Release|iPhoneSimulator.ActiveCfg = Release|Any CPU
		{50442DA6-1B27-477F-84BF-A64A5A0C9819}.Release|iPhoneSimulator.Build.0 = Release|Any CPU
		{50442DA6-1B27-477F-84BF-A64A5A0C9819}.Release|iPhoneSimulator.Deploy.0 = Release|Any CPU
		{50442DA6-1B27-477F-84BF-A64A5A0C9819}.Release|x64.ActiveCfg = Release|Any CPU
		{50442DA6-1B27-477F-84BF-A64A5A0C9819}.Release|x64.Build.0 = Release|Any CPU
		{50442DA6-1B27-477F-84BF-A64A5A0C9819}.Release|x64.Deploy.0 = Release|Any CPU
		{50442DA6-1B27-477F-84BF-A64A5A0C9819}.Release|x86.ActiveCfg = Release|Any CPU
		{50442DA6-1B27-477F-84BF-A64A5A0C9819}.Release|x86.Build.0 = Release|Any CPU
		{50442DA6-1B27-477F-84BF-A64A5A0C9819}.Release|x86.Deploy.0 = Release|Any CPU
		{CD11BB5A-9E22-46AD-9234-5188F4B15912}.Ad-Hoc|Any CPU.ActiveCfg = Ad-Hoc|iPhone
		{CD11BB5A-9E22-46AD-9234-5188F4B15912}.Ad-Hoc|ARM.ActiveCfg = Ad-Hoc|iPhone
		{CD11BB5A-9E22-46AD-9234-5188F4B15912}.Ad-Hoc|iPhone.ActiveCfg = Ad-Hoc|iPhone
		{CD11BB5A-9E22-46AD-9234-5188F4B15912}.Ad-Hoc|iPhone.Build.0 = Ad-Hoc|iPhone
		{CD11BB5A-9E22-46AD-9234-5188F4B15912}.Ad-Hoc|iPhoneSimulator.ActiveCfg = Ad-Hoc|iPhoneSimulator
		{CD11BB5A-9E22-46AD-9234-5188F4B15912}.Ad-Hoc|iPhoneSimulator.Build.0 = Ad-Hoc|iPhoneSimulator
		{CD11BB5A-9E22-46AD-9234-5188F4B15912}.Ad-Hoc|x64.ActiveCfg = Ad-Hoc|iPhone
		{CD11BB5A-9E22-46AD-9234-5188F4B15912}.Ad-Hoc|x86.ActiveCfg = Ad-Hoc|iPhone
		{CD11BB5A-9E22-46AD-9234-5188F4B15912}.AppStore|Any CPU.ActiveCfg = AppStore|iPhone
		{CD11BB5A-9E22-46AD-9234-5188F4B15912}.AppStore|ARM.ActiveCfg = AppStore|iPhone
		{CD11BB5A-9E22-46AD-9234-5188F4B15912}.AppStore|iPhone.ActiveCfg = AppStore|iPhone
		{CD11BB5A-9E22-46AD-9234-5188F4B15912}.AppStore|iPhone.Build.0 = AppStore|iPhone
		{CD11BB5A-9E22-46AD-9234-5188F4B15912}.AppStore|iPhoneSimulator.ActiveCfg = AppStore|iPhoneSimulator
		{CD11BB5A-9E22-46AD-9234-5188F4B15912}.AppStore|iPhoneSimulator.Build.0 = AppStore|iPhoneSimulator
		{CD11BB5A-9E22-46AD-9234-5188F4B15912}.AppStore|x64.ActiveCfg = AppStore|iPhone
		{CD11BB5A-9E22-46AD-9234-5188F4B15912}.AppStore|x86.ActiveCfg = AppStore|iPhone
		{CD11BB5A-9E22-46AD-9234-5188F4B15912}.Debug|Any CPU.ActiveCfg = Debug|iPhone
		{CD11BB5A-9E22-46AD-9234-5188F4B15912}.Debug|ARM.ActiveCfg = Debug|iPhone
		{CD11BB5A-9E22-46AD-9234-5188F4B15912}.Debug|iPhone.ActiveCfg = Debug|iPhone
		{CD11BB5A-9E22-46AD-9234-5188F4B15912}.Debug|iPhone.Build.0 = Debug|iPhone
		{CD11BB5A-9E22-46AD-9234-5188F4B15912}.Debug|iPhoneSimulator.ActiveCfg = Debug|iPhoneSimulator
		{CD11BB5A-9E22-46AD-9234-5188F4B15912}.Debug|iPhoneSimulator.Build.0 = Debug|iPhoneSimulator
		{CD11BB5A-9E22-46AD-9234-5188F4B15912}.Debug|x64.ActiveCfg = Debug|iPhone
		{CD11BB5A-9E22-46AD-9234-5188F4B15912}.Debug|x86.ActiveCfg = Debug|iPhone
		{CD11BB5A-9E22-46AD-9234-5188F4B15912}.Release|Any CPU.ActiveCfg = Release|iPhone
		{CD11BB5A-9E22-46AD-9234-5188F4B15912}.Release|ARM.ActiveCfg = Release|iPhone
		{CD11BB5A-9E22-46AD-9234-5188F4B15912}.Release|iPhone.ActiveCfg = Release|iPhone
		{CD11BB5A-9E22-46AD-9234-5188F4B15912}.Release|iPhone.Build.0 = Release|iPhone
		{CD11BB5A-9E22-46AD-9234-5188F4B15912}.Release|iPhoneSimulator.ActiveCfg = Release|iPhoneSimulator
		{CD11BB5A-9E22-46AD-9234-5188F4B15912}.Release|iPhoneSimulator.Build.0 = Release|iPhoneSimulator
		{CD11BB5A-9E22-46AD-9234-5188F4B15912}.Release|x64.ActiveCfg = Release|iPhone
		{CD11BB5A-9E22-46AD-9234-5188F4B15912}.Release|x86.ActiveCfg = Release|iPhone
		{C25FF540-EA17-445C-A59B-6DBF59B4437C}.Ad-Hoc|Any CPU.ActiveCfg = Release|x86
		{C25FF540-EA17-445C-A59B-6DBF59B4437C}.Ad-Hoc|Any CPU.Build.0 = Release|x86
		{C25FF540-EA17-445C-A59B-6DBF59B4437C}.Ad-Hoc|Any CPU.Deploy.0 = Release|x86
		{C25FF540-EA17-445C-A59B-6DBF59B4437C}.Ad-Hoc|ARM.ActiveCfg = Release|ARM
		{C25FF540-EA17-445C-A59B-6DBF59B4437C}.Ad-Hoc|ARM.Build.0 = Release|ARM
		{C25FF540-EA17-445C-A59B-6DBF59B4437C}.Ad-Hoc|ARM.Deploy.0 = Release|ARM
		{C25FF540-EA17-445C-A59B-6DBF59B4437C}.Ad-Hoc|iPhone.ActiveCfg = Release|x86
		{C25FF540-EA17-445C-A59B-6DBF59B4437C}.Ad-Hoc|iPhone.Build.0 = Release|x86
		{C25FF540-EA17-445C-A59B-6DBF59B4437C}.Ad-Hoc|iPhone.Deploy.0 = Release|x86
		{C25FF540-EA17-445C-A59B-6DBF59B4437C}.Ad-Hoc|iPhoneSimulator.ActiveCfg = Release|x86
		{C25FF540-EA17-445C-A59B-6DBF59B4437C}.Ad-Hoc|iPhoneSimulator.Build.0 = Release|x86
		{C25FF540-EA17-445C-A59B-6DBF59B4437C}.Ad-Hoc|iPhoneSimulator.Deploy.0 = Release|x86
		{C25FF540-EA17-445C-A59B-6DBF59B4437C}.Ad-Hoc|x64.ActiveCfg = Release|x64
		{C25FF540-EA17-445C-A59B-6DBF59B4437C}.Ad-Hoc|x64.Build.0 = Release|x64
		{C25FF540-EA17-445C-A59B-6DBF59B4437C}.Ad-Hoc|x64.Deploy.0 = Release|x64
		{C25FF540-EA17-445C-A59B-6DBF59B4437C}.Ad-Hoc|x86.ActiveCfg = Release|x86
		{C25FF540-EA17-445C-A59B-6DBF59B4437C}.Ad-Hoc|x86.Build.0 = Release|x86
		{C25FF540-EA17-445C-A59B-6DBF59B4437C}.Ad-Hoc|x86.Deploy.0 = Release|x86
		{C25FF540-EA17-445C-A59B-6DBF59B4437C}.AppStore|Any CPU.ActiveCfg = Release|x86
		{C25FF540-EA17-445C-A59B-6DBF59B4437C}.AppStore|Any CPU.Build.0 = Release|x86
		{C25FF540-EA17-445C-A59B-6DBF59B4437C}.AppStore|Any CPU.Deploy.0 = Release|x86
		{C25FF540-EA17-445C-A59B-6DBF59B4437C}.AppStore|ARM.ActiveCfg = Release|ARM
		{C25FF540-EA17-445C-A59B-6DBF59B4437C}.AppStore|ARM.Build.0 = Release|ARM
		{C25FF540-EA17-445C-A59B-6DBF59B4437C}.AppStore|ARM.Deploy.0 = Release|ARM
		{C25FF540-EA17-445C-A59B-6DBF59B4437C}.AppStore|iPhone.ActiveCfg = Release|x86
		{C25FF540-EA17-445C-A59B-6DBF59B4437C}.AppStore|iPhone.Build.0 = Release|x86
		{C25FF540-EA17-445C-A59B-6DBF59B4437C}.AppStore|iPhone.Deploy.0 = Release|x86
		{C25FF540-EA17-445C-A59B-6DBF59B4437C}.AppStore|iPhoneSimulator.ActiveCfg = Release|x86
		{C25FF540-EA17-445C-A59B-6DBF59B4437C}.AppStore|iPhoneSimulator.Build.0 = Release|x86
		{C25FF540-EA17-445C-A59B-6DBF59B4437C}.AppStore|iPhoneSimulator.Deploy.0 = Release|x86
		{C25FF540-EA17-445C-A59B-6DBF59B4437C}.AppStore|x64.ActiveCfg = Release|x64
		{C25FF540-EA17-445C-A59B-6DBF59B4437C}.AppStore|x64.Build.0 = Release|x64
		{C25FF540-EA17-445C-A59B-6DBF59B4437C}.AppStore|x64.Deploy.0 = Release|x64
		{C25FF540-EA17-445C-A59B-6DBF59B4437C}.AppStore|x86.ActiveCfg = Release|x86
		{C25FF540-EA17-445C-A59B-6DBF59B4437C}.AppStore|x86.Build.0 = Release|x86
		{C25FF540-EA17-445C-A59B-6DBF59B4437C}.AppStore|x86.Deploy.0 = Release|x86
		{C25FF540-EA17-445C-A59B-6DBF59B4437C}.Debug|Any CPU.ActiveCfg = Debug|x86
		{C25FF540-EA17-445C-A59B-6DBF59B4437C}.Debug|ARM.ActiveCfg = Debug|ARM
		{C25FF540-EA17-445C-A59B-6DBF59B4437C}.Debug|ARM.Build.0 = Debug|ARM
		{C25FF540-EA17-445C-A59B-6DBF59B4437C}.Debug|ARM.Deploy.0 = Debug|ARM
		{C25FF540-EA17-445C-A59B-6DBF59B4437C}.Debug|iPhone.ActiveCfg = Debug|x86
		{C25FF540-EA17-445C-A59B-6DBF59B4437C}.Debug|iPhoneSimulator.ActiveCfg = Debug|x86
		{C25FF540-EA17-445C-A59B-6DBF59B4437C}.Debug|x64.ActiveCfg = Debug|x64
		{C25FF540-EA17-445C-A59B-6DBF59B4437C}.Debug|x64.Build.0 = Debug|x64
		{C25FF540-EA17-445C-A59B-6DBF59B4437C}.Debug|x64.Deploy.0 = Debug|x64
		{C25FF540-EA17-445C-A59B-6DBF59B4437C}.Debug|x86.ActiveCfg = Debug|x86
		{C25FF540-EA17-445C-A59B-6DBF59B4437C}.Debug|x86.Build.0 = Debug|x86
		{C25FF540-EA17-445C-A59B-6DBF59B4437C}.Debug|x86.Deploy.0 = Debug|x86
		{C25FF540-EA17-445C-A59B-6DBF59B4437C}.Release|Any CPU.ActiveCfg = Release|x86
		{C25FF540-EA17-445C-A59B-6DBF59B4437C}.Release|ARM.ActiveCfg = Release|ARM
		{C25FF540-EA17-445C-A59B-6DBF59B4437C}.Release|ARM.Build.0 = Release|ARM
		{C25FF540-EA17-445C-A59B-6DBF59B4437C}.Release|ARM.Deploy.0 = Release|ARM
		{C25FF540-EA17-445C-A59B-6DBF59B4437C}.Release|iPhone.ActiveCfg = Release|x86
		{C25FF540-EA17-445C-A59B-6DBF59B4437C}.Release|iPhoneSimulator.ActiveCfg = Release|x86
		{C25FF540-EA17-445C-A59B-6DBF59B4437C}.Release|x64.ActiveCfg = Release|x64
		{C25FF540-EA17-445C-A59B-6DBF59B4437C}.Release|x64.Build.0 = Release|x64
		{C25FF540-EA17-445C-A59B-6DBF59B4437C}.Release|x64.Deploy.0 = Release|x64
		{C25FF540-EA17-445C-A59B-6DBF59B4437C}.Release|x86.ActiveCfg = Release|x86
		{C25FF540-EA17-445C-A59B-6DBF59B4437C}.Release|x86.Build.0 = Release|x86
		{C25FF540-EA17-445C-A59B-6DBF59B4437C}.Release|x86.Deploy.0 = Release|x86
	EndGlobalSection
	GlobalSection(SolutionProperties) = preSolution
		HideSolutionNode = FALSE
	EndGlobalSection
	GlobalSection(ExtensibilityGlobals) = postSolution
		SolutionGuid = {DC967898-B1A6-4647-841E-0CE3C6D381E8}
	EndGlobalSection
EndGlobal
